
Microsoft Visual Studio Solution File, Format Version 12.00
# Visual Studio Version 16
VisualStudioVersion = 16.0.809.3
MinimumVisualStudioVersion = 10.0.40219.1
Project("{FAE04EC0-301F-11D3-BF4B-00C04F79EFBC}") = "HTMLProject", "HTMLProject\HTMLProject.csproj", "{4A3BC59A-764F-49E9-82F3-2C27D8706D41}"
EndProject
Global
	GlobalSection(SolutionConfigurationPlatforms) = preSolution
		Debug|Any CPU = Debug|Any CPU
		Release|Any CPU = Release|Any CPU
	EndGlobalSection
	GlobalSection(ProjectConfigurationPlatforms) = postSolution
		{4A3BC59A-764F-49E9-82F3-2C27D8706D41}.Debug|Any CPU.ActiveCfg = Debug|Any CPU
		{4A3BC59A-764F-49E9-82F3-2C27D8706D41}.Debug|Any CPU.Build.0 = Debug|Any CPU
		{4A3BC59A-764F-49E9-82F3-2C27D8706D41}.Release|Any CPU.ActiveCfg = Release|Any CPU
		{4A3BC59A-764F-49E9-82F3-2C27D8706D41}.Release|Any CPU.Build.0 = Release|Any CPU
	EndGlobalSection
	GlobalSection(SolutionProperties) = preSolution
		HideSolutionNode = FALSE
	EndGlobalSection
	GlobalSection(ExtensibilityGlobals) = postSolution
		SolutionGuid = {385BD175-2DF7-4BB0-8A96-901A62B7878F}
	EndGlobalSection
EndGlobal
